
Microsoft Visual Studio Solution File, Format Version 12.00
# Visual Studio Version 16
VisualStudioVersion = 16.0.31410.357
MinimumVisualStudioVersion = 10.0.40219.1
Project("{FAE04EC0-301F-11D3-BF4B-00C04F79EFBC}") = "WebApplication1", "WebApplication1\WebApplication1.csproj", "{B63E9100-45F2-4079-A1B9-E81BF791AB1E}"
EndProject
Global
	GlobalSection(SolutionConfigurationPlatforms) = preSolution
		Debug|Any CPU = Debug|Any CPU
		Release|Any CPU = Release|Any CPU
	EndGlobalSection
	GlobalSection(ProjectConfigurationPlatforms) = postSolution
		{B63E9100-45F2-4079-A1B9-E81BF791AB1E}.Debug|Any CPU.ActiveCfg = Debug|Any CPU
		{B63E9100-45F2-4079-A1B9-E81BF791AB1E}.Debug|Any CPU.Build.0 = Debug|Any CPU
		{B63E9100-45F2-4079-A1B9-E81BF791AB1E}.Release|Any CPU.ActiveCfg = Release|Any CPU
		{B63E9100-45F2-4079-A1B9-E81BF791AB1E}.Release|Any CPU.Build.0 = Release|Any CPU
	EndGlobalSection
	GlobalSection(SolutionProperties) = preSolution
		HideSolutionNode = FALSE
	EndGlobalSection
	GlobalSection(ExtensibilityGlobals) = postSolution
		SolutionGuid = {79EE26A1-A83F-4E38-9CA1-74CC1F825018}
	EndGlobalSection
EndGlobal
